<?xml version="1.0" encoding="utf-8"?>
<Project ToolsVersion="4.0" xmlns="http://schemas.microsoft.com/developer/msbuild/2003">
  <ItemGroup>
    <Filter Include="Source">
      <UniqueIdentifier>{4a26a949-b33c-4946-9118-2ce356032e09}</UniqueIdentifier>
    </Filter>
  </ItemGroup>
  <ItemGroup>
    <ClCompile Include="main.cpp">
      <Filter>Source</Filter>
    </ClCompile>
    <ClCompile Include="RSACryptosystem.cpp">
      <Filter>Source</Filter>
    </ClCompile>
    <ClCompile Include="Key.cpp">
      <Filter>Source</Filter>
    </ClCompile>
  </ItemGroup>
  <ItemGroup>
    <ClInclude Include="main.h">
      <Filter>Source</Filter>
    </ClInclude>
    <ClInclude Include="RSACryptosystem.h">
      <Filter>Source</Filter>
    </ClInclude>
    <ClInclude Include="Key.h">
      <Filter>Source</Filter>
    </ClInclude>
  </ItemGroup>
</Project>